
Microsoft Visual Studio Solution File, Format Version 12.00
# Visual Studio Version 17
VisualStudioVersion = 17.1.32421.90
MinimumVisualStudioVersion = 10.0.40219.1
Project("{FAE04EC0-301F-11D3-BF4B-00C04F79EFBC}") = "Lab12", "Lab12\Lab12.csproj", "{A5E68BD9-7436-4E76-AF94-914F73CF6D86}"
EndProject
Global
	GlobalSection(SolutionConfigurationPlatforms) = preSolution
		Debug|Any CPU = Debug|Any CPU
		Release|Any CPU = Release|Any CPU
	EndGlobalSection
	GlobalSection(ProjectConfigurationPlatforms) = postSolution
		{A5E68BD9-7436-4E76-AF94-914F73CF6D86}.Debug|Any CPU.ActiveCfg = Debug|Any CPU
		{A5E68BD9-7436-4E76-AF94-914F73CF6D86}.Debug|Any CPU.Build.0 = Debug|Any CPU
		{A5E68BD9-7436-4E76-AF94-914F73CF6D86}.Release|Any CPU.ActiveCfg = Release|Any CPU
		{A5E68BD9-7436-4E76-AF94-914F73CF6D86}.Release|Any CPU.Build.0 = Release|Any CPU
	EndGlobalSection
	GlobalSection(SolutionProperties) = preSolution
		HideSolutionNode = FALSE
	EndGlobalSection
	GlobalSection(ExtensibilityGlobals) = postSolution
		SolutionGuid = {585B2C18-6CAA-473A-87E5-6ACBF8ABB019}
	EndGlobalSection
EndGlobal
